// !$*UTF8*$!
{
	archiveVersion = 1;
	classes = {
	};
	objectVersion = 46;
	objects = {

/* Begin PBXBuildFile section */
		A29DBE23183E589800CD24DB /* Foundation.framework in Frameworks */ = {isa = PBXBuildFile; fileRef = A29DBE22183E589800CD24DB /* Foundation.framework */; };
		A29DBE2A183E589800CD24DB /* AdjustIoExtension.m in Sources */ = {isa = PBXBuildFile; fileRef = A29DBE29183E589800CD24DB /* AdjustIoExtension.m */; };
		A29DBE31183E589800CD24DB /* XCTest.framework in Frameworks */ = {isa = PBXBuildFile; fileRef = A29DBE30183E589800CD24DB /* XCTest.framework */; };
		A29DBE32183E589800CD24DB /* Foundation.framework in Frameworks */ = {isa = PBXBuildFile; fileRef = A29DBE22183E589800CD24DB /* Foundation.framework */; };
		A29DBE37183E589800CD24DB /* libAdjustIoExtension.a in Frameworks */ = {isa = PBXBuildFile; fileRef = A29DBE1F183E589800CD24DB /* libAdjustIoExtension.a */; };
		A2E223C2183E58C900F25213 /* AdjustIo.m in Sources */ = {isa = PBXBuildFile; fileRef = A2E223A8183E58C900F25213 /* AdjustIo.m */; };
		A2E223C3183E58C900F25213 /* AIActivityHandler.m in Sources */ = {isa = PBXBuildFile; fileRef = A2E223AA183E58C900F25213 /* AIActivityHandler.m */; };
		A2E223C4183E58C900F25213 /* AIActivityPackage.m in Sources */ = {isa = PBXBuildFile; fileRef = A2E223AC183E58C900F25213 /* AIActivityPackage.m */; };
		A2E223C5183E58C900F25213 /* AIActivityState.m in Sources */ = {isa = PBXBuildFile; fileRef = A2E223AE183E58C900F25213 /* AIActivityState.m */; };
		A2E223C6183E58C900F25213 /* NSData+AIAdditions.m in Sources */ = {isa = PBXBuildFile; fileRef = A2E223B1183E58C900F25213 /* NSData+AIAdditions.m */; };
		A2E223C7183E58C900F25213 /* NSString+AIAdditions.m in Sources */ = {isa = PBXBuildFile; fileRef = A2E223B3183E58C900F25213 /* NSString+AIAdditions.m */; };
		A2E223C8183E58C900F25213 /* UIDevice+AIAdditions.m in Sources */ = {isa = PBXBuildFile; fileRef = A2E223B5183E58C900F25213 /* UIDevice+AIAdditions.m */; };
		A2E223C9183E58C900F25213 /* AILogger.m in Sources */ = {isa = PBXBuildFile; fileRef = A2E223B7183E58C900F25213 /* AILogger.m */; };
		A2E223CA183E58C900F25213 /* AIPackageBuilder.m in Sources */ = {isa = PBXBuildFile; fileRef = A2E223B9183E58C900F25213 /* AIPackageBuilder.m */; };
		A2E223CB183E58C900F25213 /* AIPackageHandler.m in Sources */ = {isa = PBXBuildFile; fileRef = A2E223BB183E58C900F25213 /* AIPackageHandler.m */; };
		A2E223CC183E58C900F25213 /* AIRequestHandler.m in Sources */ = {isa = PBXBuildFile; fileRef = A2E223BD183E58C900F25213 /* AIRequestHandler.m */; };
		A2E223CD183E58C900F25213 /* AITimer.m in Sources */ = {isa = PBXBuildFile; fileRef = A2E223BF183E58C900F25213 /* AITimer.m */; };
		A2E223CE183E58C900F25213 /* AIUtil.m in Sources */ = {isa = PBXBuildFile; fileRef = A2E223C1183E58C900F25213 /* AIUtil.m */; };
		A2E223D1183E590200F25213 /* UIKit.framework in Frameworks */ = {isa = PBXBuildFile; fileRef = A2E223D0183E590200F25213 /* UIKit.framework */; };
		A2E223D3183E590900F25213 /* AdSupport.framework in Frameworks */ = {isa = PBXBuildFile; fileRef = A2E223D2183E590900F25213 /* AdSupport.framework */; };
		A2E223D8183E5F5100F25213 /* AdjustIoExtensionFunctions.m in Sources */ = {isa = PBXBuildFile; fileRef = A2E223D5183E5F5100F25213 /* AdjustIoExtensionFunctions.m */; };
		A2E223D9183E5F5100F25213 /* FREUtils.m in Sources */ = {isa = PBXBuildFile; fileRef = A2E223D7183E5F5100F25213 /* FREUtils.m */; };
/* End PBXBuildFile section */

/* Begin PBXContainerItemProxy section */
		A29DBE35183E589800CD24DB /* PBXContainerItemProxy */ = {
			isa = PBXContainerItemProxy;
			containerPortal = A29DBE17183E589700CD24DB /* Project object */;
			proxyType = 1;
			remoteGlobalIDString = A29DBE1E183E589800CD24DB;
			remoteInfo = AdjustIoExtension;
		};
/* End PBXContainerItemProxy section */

/* Begin PBXCopyFilesBuildPhase section */
		A29DBE1D183E589800CD24DB /* CopyFiles */ = {
			isa = PBXCopyFilesBuildPhase;
			buildActionMask = 2147483647;
			dstPath = "include/$(PRODUCT_NAME)";
			dstSubfolderSpec = 16;
			files = (
			);
			runOnlyForDeploymentPostprocessing = 0;
		};
/* End PBXCopyFilesBuildPhase section */

/* Begin PBXFileReference section */
		A29DBE1F183E589800CD24DB /* libAdjustIoExtension.a */ = {isa = PBXFileReference; explicitFileType = archive.ar; includeInIndex = 0; path = libAdjustIoExtension.a; sourceTree = BUILT_PRODUCTS_DIR; };
		A29DBE22183E589800CD24DB /* Foundation.framework */ = {isa = PBXFileReference; lastKnownFileType = wrapper.framework; name = Foundation.framework; path = System/Library/Frameworks/Foundation.framework; sourceTree = SDKROOT; };
		A29DBE26183E589800CD24DB /* AdjustIoExtension-Prefix.pch */ = {isa = PBXFileReference; lastKnownFileType = sourcecode.c.h; path = "AdjustIoExtension-Prefix.pch"; sourceTree = "<group>"; };
		A29DBE29183E589800CD24DB /* AdjustIoExtension.m */ = {isa = PBXFileReference; lastKnownFileType = sourcecode.c.objc; path = AdjustIoExtension.m; sourceTree = "<group>"; };
		A29DBE2F183E589800CD24DB /* AdjustIoExtensionTests.xctest */ = {isa = PBXFileReference; explicitFileType = wrapper.cfbundle; includeInIndex = 0; path = AdjustIoExtensionTests.xctest; sourceTree = BUILT_PRODUCTS_DIR; };
		A29DBE30183E589800CD24DB /* XCTest.framework */ = {isa = PBXFileReference; lastKnownFileType = wrapper.framework; name = XCTest.framework; path = Library/Frameworks/XCTest.framework; sourceTree = DEVELOPER_DIR; };
		A2E223A7183E58C900F25213 /* AdjustIo.h */ = {isa = PBXFileReference; fileEncoding = 4; lastKnownFileType = sourcecode.c.h; path = AdjustIo.h; sourceTree = "<group>"; };
		A2E223A8183E58C900F25213 /* AdjustIo.m */ = {isa = PBXFileReference; fileEncoding = 4; lastKnownFileType = sourcecode.c.objc; path = AdjustIo.m; sourceTree = "<group>"; };
		A2E223A9183E58C900F25213 /* AIActivityHandler.h */ = {isa = PBXFileReference; fileEncoding = 4; lastKnownFileType = sourcecode.c.h; path = AIActivityHandler.h; sourceTree = "<group>"; };
		A2E223AA183E58C900F25213 /* AIActivityHandler.m */ = {isa = PBXFileReference; fileEncoding = 4; lastKnownFileType = sourcecode.c.objc; path = AIActivityHandler.m; sourceTree = "<group>"; };
		A2E223AB183E58C900F25213 /* AIActivityPackage.h */ = {isa = PBXFileReference; fileEncoding = 4; lastKnownFileType = sourcecode.c.h; path = AIActivityPackage.h; sourceTree = "<group>"; };
		A2E223AC183E58C900F25213 /* AIActivityPackage.m */ = {isa = PBXFileReference; fileEncoding = 4; lastKnownFileType = sourcecode.c.objc; path = AIActivityPackage.m; sourceTree = "<group>"; };
		A2E223AD183E58C900F25213 /* AIActivityState.h */ = {isa = PBXFileReference; fileEncoding = 4; lastKnownFileType = sourcecode.c.h; path = AIActivityState.h; sourceTree = "<group>"; };
		A2E223AE183E58C900F25213 /* AIActivityState.m */ = {isa = PBXFileReference; fileEncoding = 4; lastKnownFileType = sourcecode.c.objc; path = AIActivityState.m; sourceTree = "<group>"; };
		A2E223B0183E58C900F25213 /* NSData+AIAdditions.h */ = {isa = PBXFileReference; fileEncoding = 4; lastKnownFileType = sourcecode.c.h; path = "NSData+AIAdditions.h"; sourceTree = "<group>"; };
		A2E223B1183E58C900F25213 /* NSData+AIAdditions.m */ = {isa = PBXFileReference; fileEncoding = 4; lastKnownFileType = sourcecode.c.objc; path = "NSData+AIAdditions.m"; sourceTree = "<group>"; };
		A2E223B2183E58C900F25213 /* NSString+AIAdditions.h */ = {isa = PBXFileReference; fileEncoding = 4; lastKnownFileType = sourcecode.c.h; path = "NSString+AIAdditions.h"; sourceTree = "<group>"; };
		A2E223B3183E58C900F25213 /* NSString+AIAdditions.m */ = {isa = PBXFileReference; fileEncoding = 4; lastKnownFileType = sourcecode.c.objc; path = "NSString+AIAdditions.m"; sourceTree = "<group>"; };
		A2E223B4183E58C900F25213 /* UIDevice+AIAdditions.h */ = {isa = PBXFileReference; fileEncoding = 4; lastKnownFileType = sourcecode.c.h; path = "UIDevice+AIAdditions.h"; sourceTree = "<group>"; };
		A2E223B5183E58C900F25213 /* UIDevice+AIAdditions.m */ = {isa = PBXFileReference; fileEncoding = 4; lastKnownFileType = sourcecode.c.objc; path = "UIDevice+AIAdditions.m"; sourceTree = "<group>"; };
		A2E223B6183E58C900F25213 /* AILogger.h */ = {isa = PBXFileReference; fileEncoding = 4; lastKnownFileType = sourcecode.c.h; path = AILogger.h; sourceTree = "<group>"; };
		A2E223B7183E58C900F25213 /* AILogger.m */ = {isa = PBXFileReference; fileEncoding = 4; lastKnownFileType = sourcecode.c.objc; path = AILogger.m; sourceTree = "<group>"; };
		A2E223B8183E58C900F25213 /* AIPackageBuilder.h */ = {isa = PBXFileReference; fileEncoding = 4; lastKnownFileType = sourcecode.c.h; path = AIPackageBuilder.h; sourceTree = "<group>"; };
		A2E223B9183E58C900F25213 /* AIPackageBuilder.m */ = {isa = PBXFileReference; fileEncoding = 4; lastKnownFileType = sourcecode.c.objc; path = AIPackageBuilder.m; sourceTree = "<group>"; };
		A2E223BA183E58C900F25213 /* AIPackageHandler.h */ = {isa = PBXFileReference; fileEncoding = 4; lastKnownFileType = sourcecode.c.h; path = AIPackageHandler.h; sourceTree = "<group>"; };
		A2E223BB183E58C900F25213 /* AIPackageHandler.m */ = {isa = PBXFileReference; fileEncoding = 4; lastKnownFileType = sourcecode.c.objc; path = AIPackageHandler.m; sourceTree = "<group>"; };
		A2E223BC183E58C900F25213 /* AIRequestHandler.h */ = {isa = PBXFileReference; fileEncoding = 4; lastKnownFileType = sourcecode.c.h; path = AIRequestHandler.h; sourceTree = "<group>"; };
		A2E223BD183E58C900F25213 /* AIRequestHandler.m */ = {isa = PBXFileReference; fileEncoding = 4; lastKnownFileType = sourcecode.c.objc; path = AIRequestHandler.m; sourceTree = "<group>"; };
		A2E223BE183E58C900F25213 /* AITimer.h */ = {isa = PBXFileReference; fileEncoding = 4; lastKnownFileType = sourcecode.c.h; path = AITimer.h; sourceTree = "<group>"; };
		A2E223BF183E58C900F25213 /* AITimer.m */ = {isa = PBXFileReference; fileEncoding = 4; lastKnownFileType = sourcecode.c.objc; path = AITimer.m; sourceTree = "<group>"; };
		A2E223C0183E58C900F25213 /* AIUtil.h */ = {isa = PBXFileReference; fileEncoding = 4; lastKnownFileType = sourcecode.c.h; path = AIUtil.h; sourceTree = "<group>"; };
		A2E223C1183E58C900F25213 /* AIUtil.m */ = {isa = PBXFileReference; fileEncoding = 4; lastKnownFileType = sourcecode.c.objc; path = AIUtil.m; sourceTree = "<group>"; };
		A2E223CF183E58E300F25213 /* FlashRuntimeExtensions.h */ = {isa = PBXFileReference; fileEncoding = 4; lastKnownFileType = sourcecode.c.h; path = FlashRuntimeExtensions.h; sourceTree = "<group>"; };
		A2E223D0183E590200F25213 /* UIKit.framework */ = {isa = PBXFileReference; lastKnownFileType = wrapper.framework; name = UIKit.framework; path = System/Library/Frameworks/UIKit.framework; sourceTree = SDKROOT; };
		A2E223D2183E590900F25213 /* AdSupport.framework */ = {isa = PBXFileReference; lastKnownFileType = wrapper.framework; name = AdSupport.framework; path = System/Library/Frameworks/AdSupport.framework; sourceTree = SDKROOT; };
		A2E223D4183E5F5100F25213 /* AdjustIoExtensionFunctions.h */ = {isa = PBXFileReference; fileEncoding = 4; lastKnownFileType = sourcecode.c.h; path = AdjustIoExtensionFunctions.h; sourceTree = "<group>"; };
		A2E223D5183E5F5100F25213 /* AdjustIoExtensionFunctions.m */ = {isa = PBXFileReference; fileEncoding = 4; lastKnownFileType = sourcecode.c.objc; path = AdjustIoExtensionFunctions.m; sourceTree = "<group>"; };
		A2E223D6183E5F5100F25213 /* FREUtils.h */ = {isa = PBXFileReference; fileEncoding = 4; lastKnownFileType = sourcecode.c.h; path = FREUtils.h; sourceTree = "<group>"; };
		A2E223D7183E5F5100F25213 /* FREUtils.m */ = {isa = PBXFileReference; fileEncoding = 4; lastKnownFileType = sourcecode.c.objc; path = FREUtils.m; sourceTree = "<group>"; };
/* End PBXFileReference section */

/* Begin PBXFrameworksBuildPhase section */
		A29DBE1C183E589800CD24DB /* Frameworks */ = {
			isa = PBXFrameworksBuildPhase;
			buildActionMask = 2147483647;
			files = (
				A2E223D3183E590900F25213 /* AdSupport.framework in Frameworks */,
				A2E223D1183E590200F25213 /* UIKit.framework in Frameworks */,
				A29DBE23183E589800CD24DB /* Foundation.framework in Frameworks */,
			);
			runOnlyForDeploymentPostprocessing = 0;
		};
		A29DBE2C183E589800CD24DB /* Frameworks */ = {
			isa = PBXFrameworksBuildPhase;
			buildActionMask = 2147483647;
			files = (
				A29DBE37183E589800CD24DB /* libAdjustIoExtension.a in Frameworks */,
				A29DBE31183E589800CD24DB /* XCTest.framework in Frameworks */,
				A29DBE32183E589800CD24DB /* Foundation.framework in Frameworks */,
			);
			runOnlyForDeploymentPostprocessing = 0;
		};
/* End PBXFrameworksBuildPhase section */

/* Begin PBXGroup section */
		A29DBE16183E589700CD24DB = {
			isa = PBXGroup;
			children = (
				A29DBE24183E589800CD24DB /* AdjustIoExtension */,
				A29DBE21183E589800CD24DB /* Frameworks */,
				A29DBE20183E589800CD24DB /* Products */,
			);
			sourceTree = "<group>";
		};
		A29DBE20183E589800CD24DB /* Products */ = {
			isa = PBXGroup;
			children = (
				A29DBE1F183E589800CD24DB /* libAdjustIoExtension.a */,
				A29DBE2F183E589800CD24DB /* AdjustIoExtensionTests.xctest */,
			);
			name = Products;
			sourceTree = "<group>";
		};
		A29DBE21183E589800CD24DB /* Frameworks */ = {
			isa = PBXGroup;
			children = (
				A2E223D2183E590900F25213 /* AdSupport.framework */,
				A2E223D0183E590200F25213 /* UIKit.framework */,
				A29DBE22183E589800CD24DB /* Foundation.framework */,
				A29DBE30183E589800CD24DB /* XCTest.framework */,
			);
			name = Frameworks;
			sourceTree = "<group>";
		};
		A29DBE24183E589800CD24DB /* AdjustIoExtension */ = {
			isa = PBXGroup;
			children = (
				A2E223D4183E5F5100F25213 /* AdjustIoExtensionFunctions.h */,
				A2E223D5183E5F5100F25213 /* AdjustIoExtensionFunctions.m */,
				A2E223D6183E5F5100F25213 /* FREUtils.h */,
				A2E223D7183E5F5100F25213 /* FREUtils.m */,
				A29DBE29183E589800CD24DB /* AdjustIoExtension.m */,
				A29DBE25183E589800CD24DB /* Supporting Files */,
			);
			path = AdjustIoExtension;
			sourceTree = "<group>";
		};
		A29DBE25183E589800CD24DB /* Supporting Files */ = {
			isa = PBXGroup;
			children = (
				A2E223CF183E58E300F25213 /* FlashRuntimeExtensions.h */,
				A2E223A6183E58C900F25213 /* AdjustIo */,
				A29DBE26183E589800CD24DB /* AdjustIoExtension-Prefix.pch */,
			);
			name = "Supporting Files";
			sourceTree = "<group>";
		};
		A2E223A6183E58C900F25213 /* AdjustIo */ = {
			isa = PBXGroup;
			children = (
				A2E223A7183E58C900F25213 /* AdjustIo.h */,
				A2E223A8183E58C900F25213 /* AdjustIo.m */,
				A2E223A9183E58C900F25213 /* AIActivityHandler.h */,
				A2E223AA183E58C900F25213 /* AIActivityHandler.m */,
				A2E223AB183E58C900F25213 /* AIActivityPackage.h */,
				A2E223AC183E58C900F25213 /* AIActivityPackage.m */,
				A2E223AD183E58C900F25213 /* AIActivityState.h */,
				A2E223AE183E58C900F25213 /* AIActivityState.m */,
				A2E223AF183E58C900F25213 /* AIAdditions */,
				A2E223B6183E58C900F25213 /* AILogger.h */,
				A2E223B7183E58C900F25213 /* AILogger.m */,
				A2E223B8183E58C900F25213 /* AIPackageBuilder.h */,
				A2E223B9183E58C900F25213 /* AIPackageBuilder.m */,
				A2E223BA183E58C900F25213 /* AIPackageHandler.h */,
				A2E223BB183E58C900F25213 /* AIPackageHandler.m */,
				A2E223BC183E58C900F25213 /* AIRequestHandler.h */,
				A2E223BD183E58C900F25213 /* AIRequestHandler.m */,
				A2E223BE183E58C900F25213 /* AITimer.h */,
				A2E223BF183E58C900F25213 /* AITimer.m */,
				A2E223C0183E58C900F25213 /* AIUtil.h */,
				A2E223C1183E58C900F25213 /* AIUtil.m */,
			);
			name = AdjustIo;
			path = ../../../sdk/AdjustIo;
			sourceTree = "<group>";
		};
		A2E223AF183E58C900F25213 /* AIAdditions */ = {
			isa = PBXGroup;
			children = (
				A2E223B0183E58C900F25213 /* NSData+AIAdditions.h */,
				A2E223B1183E58C900F25213 /* NSData+AIAdditions.m */,
				A2E223B2183E58C900F25213 /* NSString+AIAdditions.h */,
				A2E223B3183E58C900F25213 /* NSString+AIAdditions.m */,
				A2E223B4183E58C900F25213 /* UIDevice+AIAdditions.h */,
				A2E223B5183E58C900F25213 /* UIDevice+AIAdditions.m */,
			);
			path = AIAdditions;
			sourceTree = "<group>";
		};
/* End PBXGroup section */

/* Begin PBXNativeTarget section */
		A29DBE1E183E589800CD24DB /* AdjustIoExtension */ = {
			isa = PBXNativeTarget;
			buildConfigurationList = A29DBE42183E589800CD24DB /* Build configuration list for PBXNativeTarget "AdjustIoExtension" */;
			buildPhases = (
				A29DBE1B183E589800CD24DB /* Sources */,
				A29DBE1C183E589800CD24DB /* Frameworks */,
				A29DBE1D183E589800CD24DB /* CopyFiles */,
			);
			buildRules = (
			);
			dependencies = (
			);
			name = AdjustIoExtension;
			productName = AdjustIoExtension;
			productReference = A29DBE1F183E589800CD24DB /* libAdjustIoExtension.a */;
			productType = "com.apple.product-type.library.static";
		};
		A29DBE2E183E589800CD24DB /* AdjustIoExtensionTests */ = {
			isa = PBXNativeTarget;
			buildConfigurationList = A29DBE45183E589800CD24DB /* Build configuration list for PBXNativeTarget "AdjustIoExtensionTests" */;
			buildPhases = (
				A29DBE2B183E589800CD24DB /* Sources */,
				A29DBE2C183E589800CD24DB /* Frameworks */,
				A29DBE2D183E589800CD24DB /* Resources */,
			);
			buildRules = (
			);
			dependencies = (
				A29DBE36183E589800CD24DB /* PBXTargetDependency */,
			);
			name = AdjustIoExtensionTests;
			productName = AdjustIoExtensionTests;
			productReference = A29DBE2F183E589800CD24DB /* AdjustIoExtensionTests.xctest */;
			productType = "com.apple.product-type.bundle.unit-test";
		};
/* End PBXNativeTarget section */

/* Begin PBXProject section */
		A29DBE17183E589700CD24DB /* Project object */ = {
			isa = PBXProject;
			attributes = {
				LastUpgradeCheck = 0500;
				ORGANIZATIONNAME = "adeven GmbH";
			};
			buildConfigurationList = A29DBE1A183E589700CD24DB /* Build configuration list for PBXProject "AdjustIoExtension" */;
			compatibilityVersion = "Xcode 3.2";
			developmentRegion = English;
			hasScannedForEncodings = 0;
			knownRegions = (
				en,
			);
			mainGroup = A29DBE16183E589700CD24DB;
			productRefGroup = A29DBE20183E589800CD24DB /* Products */;
			projectDirPath = "";
			projectRoot = "";
			targets = (
				A29DBE1E183E589800CD24DB /* AdjustIoExtension */,
				A29DBE2E183E589800CD24DB /* AdjustIoExtensionTests */,
			);
		};
/* End PBXProject section */

/* Begin PBXResourcesBuildPhase section */
		A29DBE2D183E589800CD24DB /* Resources */ = {
			isa = PBXResourcesBuildPhase;
			buildActionMask = 2147483647;
			files = (
			);
			runOnlyForDeploymentPostprocessing = 0;
		};
/* End PBXResourcesBuildPhase section */

/* Begin PBXSourcesBuildPhase section */
		A29DBE1B183E589800CD24DB /* Sources */ = {
			isa = PBXSourcesBuildPhase;
			buildActionMask = 2147483647;
			files = (
				A2E223C9183E58C900F25213 /* AILogger.m in Sources */,
				A2E223CE183E58C900F25213 /* AIUtil.m in Sources */,
				A2E223C2183E58C900F25213 /* AdjustIo.m in Sources */,
				A2E223D9183E5F5100F25213 /* FREUtils.m in Sources */,
				A2E223C4183E58C900F25213 /* AIActivityPackage.m in Sources */,
				A2E223CB183E58C900F25213 /* AIPackageHandler.m in Sources */,
				A2E223C6183E58C900F25213 /* NSData+AIAdditions.m in Sources */,
				A2E223C8183E58C900F25213 /* UIDevice+AIAdditions.m in Sources */,
				A2E223C3183E58C900F25213 /* AIActivityHandler.m in Sources */,
				A29DBE2A183E589800CD24DB /* AdjustIoExtension.m in Sources */,
				A2E223C7183E58C900F25213 /* NSString+AIAdditions.m in Sources */,
				A2E223CA183E58C900F25213 /* AIPackageBuilder.m in Sources */,
				A2E223CC183E58C900F25213 /* AIRequestHandler.m in Sources */,
				A2E223C5183E58C900F25213 /* AIActivityState.m in Sources */,
				A2E223D8183E5F5100F25213 /* AdjustIoExtensionFunctions.m in Sources */,
				A2E223CD183E58C900F25213 /* AITimer.m in Sources */,
			);
			runOnlyForDeploymentPostprocessing = 0;
		};
		A29DBE2B183E589800CD24DB /* Sources */ = {
			isa = PBXSourcesBuildPhase;
			buildActionMask = 2147483647;
			files = (
			);
			runOnlyForDeploymentPostprocessing = 0;
		};
/* End PBXSourcesBuildPhase section */

/* Begin PBXTargetDependency section */
		A29DBE36183E589800CD24DB /* PBXTargetDependency */ = {
			isa = PBXTargetDependency;
			target = A29DBE1E183E589800CD24DB /* AdjustIoExtension */;
			targetProxy = A29DBE35183E589800CD24DB /* PBXContainerItemProxy */;
		};
/* End PBXTargetDependency section */

/* Begin XCBuildConfiguration section */
		A29DBE40183E589800CD24DB /* Debug */ = {
			isa = XCBuildConfiguration;
			buildSettings = {
				ALWAYS_SEARCH_USER_PATHS = NO;
				ARCHS = "$(ARCHS_STANDARD_INCLUDING_64_BIT)";
				CLANG_CXX_LANGUAGE_STANDARD = "gnu++0x";
				CLANG_CXX_LIBRARY = "libc++";
				CLANG_ENABLE_MODULES = YES;
				CLANG_ENABLE_OBJC_ARC = YES;
				CLANG_WARN_BOOL_CONVERSION = YES;
				CLANG_WARN_CONSTANT_CONVERSION = YES;
				CLANG_WARN_DIRECT_OBJC_ISA_USAGE = YES_ERROR;
				CLANG_WARN_EMPTY_BODY = YES;
				CLANG_WARN_ENUM_CONVERSION = YES;
				CLANG_WARN_INT_CONVERSION = YES;
				CLANG_WARN_OBJC_ROOT_CLASS = YES_ERROR;
				CLANG_WARN__DUPLICATE_METHOD_MATCH = YES;
				COPY_PHASE_STRIP = NO;
				GCC_C_LANGUAGE_STANDARD = gnu99;
				GCC_DYNAMIC_NO_PIC = NO;
				GCC_OPTIMIZATION_LEVEL = 0;
				GCC_PREPROCESSOR_DEFINITIONS = (
					"DEBUG=1",
					"$(inherited)",
				);
				GCC_SYMBOLS_PRIVATE_EXTERN = NO;
				GCC_WARN_64_TO_32_BIT_CONVERSION = YES;
				GCC_WARN_ABOUT_RETURN_TYPE = YES_ERROR;
				GCC_WARN_UNDECLARED_SELECTOR = YES;
				GCC_WARN_UNINITIALIZED_AUTOS = YES;
				GCC_WARN_UNUSED_FUNCTION = YES;
				GCC_WARN_UNUSED_VARIABLE = YES;
				IPHONEOS_DEPLOYMENT_TARGET = 7.0;
				ONLY_ACTIVE_ARCH = YES;
				SDKROOT = iphoneos;
			};
			name = Debug;
		};
		A29DBE41183E589800CD24DB /* Release */ = {
			isa = XCBuildConfiguration;
			buildSettings = {
				ALWAYS_SEARCH_USER_PATHS = NO;
				ARCHS = "$(ARCHS_STANDARD_INCLUDING_64_BIT)";
				CLANG_CXX_LANGUAGE_STANDARD = "gnu++0x";
				CLANG_CXX_LIBRARY = "libc++";
				CLANG_ENABLE_MODULES = YES;
				CLANG_ENABLE_OBJC_ARC = YES;
				CLANG_WARN_BOOL_CONVERSION = YES;
				CLANG_WARN_CONSTANT_CONVERSION = YES;
				CLANG_WARN_DIRECT_OBJC_ISA_USAGE = YES_ERROR;
				CLANG_WARN_EMPTY_BODY = YES;
				CLANG_WARN_ENUM_CONVERSION = YES;
				CLANG_WARN_INT_CONVERSION = YES;
				CLANG_WARN_OBJC_ROOT_CLASS = YES_ERROR;
				CLANG_WARN__DUPLICATE_METHOD_MATCH = YES;
				COPY_PHASE_STRIP = YES;
				ENABLE_NS_ASSERTIONS = NO;
				GCC_C_LANGUAGE_STANDARD = gnu99;
				GCC_WARN_64_TO_32_BIT_CONVERSION = YES;
				GCC_WARN_ABOUT_RETURN_TYPE = YES_ERROR;
				GCC_WARN_UNDECLARED_SELECTOR = YES;
				GCC_WARN_UNINITIALIZED_AUTOS = YES;
				GCC_WARN_UNUSED_FUNCTION = YES;
				GCC_WARN_UNUSED_VARIABLE = YES;
				IPHONEOS_DEPLOYMENT_TARGET = 7.0;
				SDKROOT = iphoneos;
				VALIDATE_PRODUCT = YES;
			};
			name = Release;
		};
		A29DBE43183E589800CD24DB /* Debug */ = {
			isa = XCBuildConfiguration;
			buildSettings = {
				DSTROOT = /tmp/AdjustIoExtension.dst;
				GCC_PRECOMPILE_PREFIX_HEADER = YES;
				GCC_PREFIX_HEADER = "AdjustIoExtension/AdjustIoExtension-Prefix.pch";
				OTHER_LDFLAGS = "-ObjC";
				PRODUCT_NAME = "$(TARGET_NAME)";
				SKIP_INSTALL = YES;
			};
			name = Debug;
		};
		A29DBE44183E589800CD24DB /* Release */ = {
			isa = XCBuildConfiguration;
			buildSettings = {
				DSTROOT = /tmp/AdjustIoExtension.dst;
				GCC_PRECOMPILE_PREFIX_HEADER = YES;
				GCC_PREFIX_HEADER = "AdjustIoExtension/AdjustIoExtension-Prefix.pch";
				OTHER_LDFLAGS = "-ObjC";
				PRODUCT_NAME = "$(TARGET_NAME)";
				SKIP_INSTALL = YES;
			};
			name = Release;
		};
		A29DBE46183E589800CD24DB /* Debug */ = {
			isa = XCBuildConfiguration;
			buildSettings = {
				ARCHS = "$(ARCHS_STANDARD_INCLUDING_64_BIT)";
				FRAMEWORK_SEARCH_PATHS = (
					"$(SDKROOT)/Developer/Library/Frameworks",
					"$(inherited)",
					"$(DEVELOPER_FRAMEWORKS_DIR)",
				);
				GCC_PRECOMPILE_PREFIX_HEADER = YES;
				GCC_PREFIX_HEADER = "AdjustIoExtension/AdjustIoExtension-Prefix.pch";
				GCC_PREPROCESSOR_DEFINITIONS = (
					"DEBUG=1",
					"$(inherited)",
				);
				INFOPLIST_FILE = "AdjustIoExtensionTests/AdjustIoExtensionTests-Info.plist";
				PRODUCT_NAME = "$(TARGET_NAME)";
				WRAPPER_EXTENSION = xctest;
			};
			name = Debug;
		};
		A29DBE47183E589800CD24DB /* Release */ = {
			isa = XCBuildConfiguration;
			buildSettings = {
				ARCHS = "$(ARCHS_STANDARD_INCLUDING_64_BIT)";
				FRAMEWORK_SEARCH_PATHS = (
					"$(SDKROOT)/Developer/Library/Frameworks",
					"$(inherited)",
					"$(DEVELOPER_FRAMEWORKS_DIR)",
				);
				GCC_PRECOMPILE_PREFIX_HEADER = YES;
				GCC_PREFIX_HEADER = "AdjustIoExtension/AdjustIoExtension-Prefix.pch";
				INFOPLIST_FILE = "AdjustIoExtensionTests/AdjustIoExtensionTests-Info.plist";
				PRODUCT_NAME = "$(TARGET_NAME)";
				WRAPPER_EXTENSION = xctest;
			};
			name = Release;
		};
/* End XCBuildConfiguration section */

/* Begin XCConfigurationList section */
		A29DBE1A183E589700CD24DB /* Build configuration list for PBXProject "AdjustIoExtension" */ = {
			isa = XCConfigurationList;
			buildConfigurations = (
				A29DBE40183E589800CD24DB /* Debug */,
				A29DBE41183E589800CD24DB /* Release */,
			);
			defaultConfigurationIsVisible = 0;
			defaultConfigurationName = Release;
		};
		A29DBE42183E589800CD24DB /* Build configuration list for PBXNativeTarget "AdjustIoExtension" */ = {
			isa = XCConfigurationList;
			buildConfigurations = (
				A29DBE43183E589800CD24DB /* Debug */,
				A29DBE44183E589800CD24DB /* Release */,
			);
			defaultConfigurationIsVisible = 0;
			defaultConfigurationName = Release;
		};
		A29DBE45183E589800CD24DB /* Build configuration list for PBXNativeTarget "AdjustIoExtensionTests" */ = {
			isa = XCConfigurationList;
			buildConfigurations = (
				A29DBE46183E589800CD24DB /* Debug */,
				A29DBE47183E589800CD24DB /* Release */,
			);
			defaultConfigurationIsVisible = 0;
			defaultConfigurationName = Release;
		};
/* End XCConfigurationList section */
	};
	rootObject = A29DBE17183E589700CD24DB /* Project object */;
}
