// !$*UTF8*$!
{
	archiveVersion = 1;
	classes = {
	};
	objectVersion = 46;
	objects = {

/* Begin PBXBuildFile section */
		96332CC01A8B982000D38FAF /* AdSupport.framework in Frameworks */ = {isa = PBXBuildFile; fileRef = 96332CBF1A8B982000D38FAF /* AdSupport.framework */; settings = {ATTRIBUTES = (Weak, ); }; };
		96332CC21A8B982600D38FAF /* iAd.framework in Frameworks */ = {isa = PBXBuildFile; fileRef = 96332CC11A8B982600D38FAF /* iAd.framework */; settings = {ATTRIBUTES = (Weak, ); }; };
		96471C231993B3F1000CD897 /* AdjustFREUtils.m in Sources */ = {isa = PBXBuildFile; fileRef = 96471C221993B3F1000CD897 /* AdjustFREUtils.m */; };
		9696C5F91993CF0D003B644E /* AdjustFunction.m in Sources */ = {isa = PBXBuildFile; fileRef = 9696C5F81993CF0D003B644E /* AdjustFunction.m */; };
		96E1BBD71993872F004E270B /* Foundation.framework in Frameworks */ = {isa = PBXBuildFile; fileRef = 96E1BBD61993872F004E270B /* Foundation.framework */; };
		96E1BBDE1993872F004E270B /* AdjustExtension.m in Sources */ = {isa = PBXBuildFile; fileRef = 96E1BBDD1993872F004E270B /* AdjustExtension.m */; };
		96E1BBE51993872F004E270B /* XCTest.framework in Frameworks */ = {isa = PBXBuildFile; fileRef = 96E1BBE41993872F004E270B /* XCTest.framework */; };
		96E1BBE61993872F004E270B /* Foundation.framework in Frameworks */ = {isa = PBXBuildFile; fileRef = 96E1BBD61993872F004E270B /* Foundation.framework */; };
		96E1BBE819938730004E270B /* UIKit.framework in Frameworks */ = {isa = PBXBuildFile; fileRef = 96E1BBE719938730004E270B /* UIKit.framework */; };
		96E1BBF119938730004E270B /* InfoPlist.strings in Resources */ = {isa = PBXBuildFile; fileRef = 96E1BBEF19938730004E270B /* InfoPlist.strings */; };
		96E1BBF319938730004E270B /* AdjustExtensionTests.m in Sources */ = {isa = PBXBuildFile; fileRef = 96E1BBF219938730004E270B /* AdjustExtensionTests.m */; };
		9DCED7FA1C8D9F45007C1574 /* AdjustSdk.framework in Frameworks */ = {isa = PBXBuildFile; fileRef = 9DCED7F91C8D9F45007C1574 /* AdjustSdk.framework */; };
/* End PBXBuildFile section */

/* Begin PBXContainerItemProxy section */
		96E1BBE919938730004E270B /* PBXContainerItemProxy */ = {
			isa = PBXContainerItemProxy;
			containerPortal = 96E1BBCB1993872F004E270B /* Project object */;
			proxyType = 1;
			remoteGlobalIDString = 96E1BBD21993872F004E270B;
			remoteInfo = AdjustExtension;
		};
/* End PBXContainerItemProxy section */

/* Begin PBXCopyFilesBuildPhase section */
		96E1BBD11993872F004E270B /* CopyFiles */ = {
			isa = PBXCopyFilesBuildPhase;
			buildActionMask = 2147483647;
			dstPath = "include/$(PRODUCT_NAME)";
			dstSubfolderSpec = 16;
			files = (
			);
			runOnlyForDeploymentPostprocessing = 0;
		};
/* End PBXCopyFilesBuildPhase section */

/* Begin PBXFileReference section */
		96332CBF1A8B982000D38FAF /* AdSupport.framework */ = {isa = PBXFileReference; lastKnownFileType = wrapper.framework; name = AdSupport.framework; path = System/Library/Frameworks/AdSupport.framework; sourceTree = SDKROOT; };
		96332CC11A8B982600D38FAF /* iAd.framework */ = {isa = PBXFileReference; lastKnownFileType = wrapper.framework; name = iAd.framework; path = System/Library/Frameworks/iAd.framework; sourceTree = SDKROOT; };
		96471C211993B3F1000CD897 /* AdjustFREUtils.h */ = {isa = PBXFileReference; fileEncoding = 4; lastKnownFileType = sourcecode.c.h; path = AdjustFREUtils.h; sourceTree = "<group>"; };
		96471C221993B3F1000CD897 /* AdjustFREUtils.m */ = {isa = PBXFileReference; fileEncoding = 4; lastKnownFileType = sourcecode.c.objc; path = AdjustFREUtils.m; sourceTree = "<group>"; };
		9696C5F71993CF0D003B644E /* AdjustFunction.h */ = {isa = PBXFileReference; fileEncoding = 4; lastKnownFileType = sourcecode.c.h; path = AdjustFunction.h; sourceTree = "<group>"; };
		9696C5F81993CF0D003B644E /* AdjustFunction.m */ = {isa = PBXFileReference; fileEncoding = 4; lastKnownFileType = sourcecode.c.objc; path = AdjustFunction.m; sourceTree = "<group>"; };
		96E1BBD31993872F004E270B /* libAdjustExtension.a */ = {isa = PBXFileReference; explicitFileType = archive.ar; includeInIndex = 0; path = libAdjustExtension.a; sourceTree = BUILT_PRODUCTS_DIR; };
		96E1BBD61993872F004E270B /* Foundation.framework */ = {isa = PBXFileReference; lastKnownFileType = wrapper.framework; name = Foundation.framework; path = System/Library/Frameworks/Foundation.framework; sourceTree = SDKROOT; };
		96E1BBDA1993872F004E270B /* AdjustExtension-Prefix.pch */ = {isa = PBXFileReference; lastKnownFileType = sourcecode.c.h; path = "AdjustExtension-Prefix.pch"; sourceTree = "<group>"; };
		96E1BBDD1993872F004E270B /* AdjustExtension.m */ = {isa = PBXFileReference; lastKnownFileType = sourcecode.c.objc; path = AdjustExtension.m; sourceTree = "<group>"; };
		96E1BBE31993872F004E270B /* AdjustExtensionTests.xctest */ = {isa = PBXFileReference; explicitFileType = wrapper.cfbundle; includeInIndex = 0; path = AdjustExtensionTests.xctest; sourceTree = BUILT_PRODUCTS_DIR; };
		96E1BBE41993872F004E270B /* XCTest.framework */ = {isa = PBXFileReference; lastKnownFileType = wrapper.framework; name = XCTest.framework; path = Library/Frameworks/XCTest.framework; sourceTree = DEVELOPER_DIR; };
		96E1BBE719938730004E270B /* UIKit.framework */ = {isa = PBXFileReference; lastKnownFileType = wrapper.framework; name = UIKit.framework; path = Library/Frameworks/UIKit.framework; sourceTree = DEVELOPER_DIR; };
		96E1BBEE19938730004E270B /* AdjustExtensionTests-Info.plist */ = {isa = PBXFileReference; lastKnownFileType = text.plist.xml; path = "AdjustExtensionTests-Info.plist"; sourceTree = "<group>"; };
		96E1BBF019938730004E270B /* en */ = {isa = PBXFileReference; lastKnownFileType = text.plist.strings; name = en; path = en.lproj/InfoPlist.strings; sourceTree = "<group>"; };
		96E1BBF219938730004E270B /* AdjustExtensionTests.m */ = {isa = PBXFileReference; lastKnownFileType = sourcecode.c.objc; path = AdjustExtensionTests.m; sourceTree = "<group>"; };
		96E1BBFC1993897B004E270B /* FlashRuntimeExtensions.h */ = {isa = PBXFileReference; fileEncoding = 4; lastKnownFileType = sourcecode.c.h; path = FlashRuntimeExtensions.h; sourceTree = "<group>"; };
		9DCBBDD61B8CA7BE006DF348 /* Adjust.framework */ = {isa = PBXFileReference; lastKnownFileType = wrapper.framework; name = Adjust.framework; path = include/Adjust/Adjust.framework; sourceTree = "<group>"; };
		9DCED7F91C8D9F45007C1574 /* AdjustSdk.framework */ = {isa = PBXFileReference; lastKnownFileType = wrapper.framework; name = AdjustSdk.framework; path = include/Adjust/AdjustSdk.framework; sourceTree = "<group>"; };
/* End PBXFileReference section */

/* Begin PBXFrameworksBuildPhase section */
		96E1BBD01993872F004E270B /* Frameworks */ = {
			isa = PBXFrameworksBuildPhase;
			buildActionMask = 2147483647;
			files = (
				9DCED7FA1C8D9F45007C1574 /* AdjustSdk.framework in Frameworks */,
				96332CC21A8B982600D38FAF /* iAd.framework in Frameworks */,
				96332CC01A8B982000D38FAF /* AdSupport.framework in Frameworks */,
				96E1BBD71993872F004E270B /* Foundation.framework in Frameworks */,
			);
			runOnlyForDeploymentPostprocessing = 0;
		};
		96E1BBE01993872F004E270B /* Frameworks */ = {
			isa = PBXFrameworksBuildPhase;
			buildActionMask = 2147483647;
			files = (
				96E1BBE51993872F004E270B /* XCTest.framework in Frameworks */,
				96E1BBE819938730004E270B /* UIKit.framework in Frameworks */,
				96E1BBE61993872F004E270B /* Foundation.framework in Frameworks */,
			);
			runOnlyForDeploymentPostprocessing = 0;
		};
/* End PBXFrameworksBuildPhase section */

/* Begin PBXGroup section */
		96E1BBCA1993872F004E270B = {
			isa = PBXGroup;
			children = (
				96E1BBD81993872F004E270B /* AdjustExtension */,
				96E1BBEC19938730004E270B /* AdjustExtensionTests */,
				96E1BBD51993872F004E270B /* Frameworks */,
				96E1BBD41993872F004E270B /* Products */,
			);
			sourceTree = "<group>";
		};
		96E1BBD41993872F004E270B /* Products */ = {
			isa = PBXGroup;
			children = (
				96E1BBD31993872F004E270B /* libAdjustExtension.a */,
				96E1BBE31993872F004E270B /* AdjustExtensionTests.xctest */,
			);
			name = Products;
			sourceTree = "<group>";
		};
		96E1BBD51993872F004E270B /* Frameworks */ = {
			isa = PBXGroup;
			children = (
				9DCED7F91C8D9F45007C1574 /* AdjustSdk.framework */,
				9DCBBDD61B8CA7BE006DF348 /* Adjust.framework */,
				96332CC11A8B982600D38FAF /* iAd.framework */,
				96332CBF1A8B982000D38FAF /* AdSupport.framework */,
				96E1BBD61993872F004E270B /* Foundation.framework */,
				96E1BBE41993872F004E270B /* XCTest.framework */,
				96E1BBE719938730004E270B /* UIKit.framework */,
			);
			name = Frameworks;
			sourceTree = "<group>";
		};
		96E1BBD81993872F004E270B /* AdjustExtension */ = {
			isa = PBXGroup;
			children = (
				96E1BBDD1993872F004E270B /* AdjustExtension.m */,
				96E1BBD91993872F004E270B /* Supporting Files */,
				96471C211993B3F1000CD897 /* AdjustFREUtils.h */,
				96471C221993B3F1000CD897 /* AdjustFREUtils.m */,
				9696C5F71993CF0D003B644E /* AdjustFunction.h */,
				9696C5F81993CF0D003B644E /* AdjustFunction.m */,
			);
			path = AdjustExtension;
			sourceTree = "<group>";
		};
		96E1BBD91993872F004E270B /* Supporting Files */ = {
			isa = PBXGroup;
			children = (
				96E1BBFC1993897B004E270B /* FlashRuntimeExtensions.h */,
				96E1BBDA1993872F004E270B /* AdjustExtension-Prefix.pch */,
			);
			name = "Supporting Files";
			sourceTree = "<group>";
		};
		96E1BBEC19938730004E270B /* AdjustExtensionTests */ = {
			isa = PBXGroup;
			children = (
				96E1BBF219938730004E270B /* AdjustExtensionTests.m */,
				96E1BBED19938730004E270B /* Supporting Files */,
			);
			path = AdjustExtensionTests;
			sourceTree = "<group>";
		};
		96E1BBED19938730004E270B /* Supporting Files */ = {
			isa = PBXGroup;
			children = (
				96E1BBEE19938730004E270B /* AdjustExtensionTests-Info.plist */,
				96E1BBEF19938730004E270B /* InfoPlist.strings */,
			);
			name = "Supporting Files";
			sourceTree = "<group>";
		};
/* End PBXGroup section */

/* Begin PBXNativeTarget section */
		96E1BBD21993872F004E270B /* AdjustExtension */ = {
			isa = PBXNativeTarget;
			buildConfigurationList = 96E1BBF619938730004E270B /* Build configuration list for PBXNativeTarget "AdjustExtension" */;
			buildPhases = (
				96E1BBCF1993872F004E270B /* Sources */,
				96E1BBD01993872F004E270B /* Frameworks */,
				96E1BBD11993872F004E270B /* CopyFiles */,
			);
			buildRules = (
			);
			dependencies = (
			);
			name = AdjustExtension;
			productName = AdjustExtension;
			productReference = 96E1BBD31993872F004E270B /* libAdjustExtension.a */;
			productType = "com.apple.product-type.library.static";
		};
		96E1BBE21993872F004E270B /* AdjustExtensionTests */ = {
			isa = PBXNativeTarget;
			buildConfigurationList = 96E1BBF919938730004E270B /* Build configuration list for PBXNativeTarget "AdjustExtensionTests" */;
			buildPhases = (
				96E1BBDF1993872F004E270B /* Sources */,
				96E1BBE01993872F004E270B /* Frameworks */,
				96E1BBE11993872F004E270B /* Resources */,
			);
			buildRules = (
			);
			dependencies = (
				96E1BBEA19938730004E270B /* PBXTargetDependency */,
			);
			name = AdjustExtensionTests;
			productName = AdjustExtensionTests;
			productReference = 96E1BBE31993872F004E270B /* AdjustExtensionTests.xctest */;
			productType = "com.apple.product-type.bundle.unit-test";
		};
/* End PBXNativeTarget section */

/* Begin PBXProject section */
		96E1BBCB1993872F004E270B /* Project object */ = {
			isa = PBXProject;
			attributes = {
				LastUpgradeCheck = 0510;
				ORGANIZATIONNAME = adjust;
			};
			buildConfigurationList = 96E1BBCE1993872F004E270B /* Build configuration list for PBXProject "AdjustExtension" */;
			compatibilityVersion = "Xcode 3.2";
			developmentRegion = English;
			hasScannedForEncodings = 0;
			knownRegions = (
				en,
			);
			mainGroup = 96E1BBCA1993872F004E270B;
			productRefGroup = 96E1BBD41993872F004E270B /* Products */;
			projectDirPath = "";
			projectRoot = "";
			targets = (
				96E1BBD21993872F004E270B /* AdjustExtension */,
				96E1BBE21993872F004E270B /* AdjustExtensionTests */,
			);
		};
/* End PBXProject section */

/* Begin PBXResourcesBuildPhase section */
		96E1BBE11993872F004E270B /* Resources */ = {
			isa = PBXResourcesBuildPhase;
			buildActionMask = 2147483647;
			files = (
				96E1BBF119938730004E270B /* InfoPlist.strings in Resources */,
			);
			runOnlyForDeploymentPostprocessing = 0;
		};
/* End PBXResourcesBuildPhase section */

/* Begin PBXSourcesBuildPhase section */
		96E1BBCF1993872F004E270B /* Sources */ = {
			isa = PBXSourcesBuildPhase;
			buildActionMask = 2147483647;
			files = (
				96471C231993B3F1000CD897 /* AdjustFREUtils.m in Sources */,
				9696C5F91993CF0D003B644E /* AdjustFunction.m in Sources */,
				96E1BBDE1993872F004E270B /* AdjustExtension.m in Sources */,
			);
			runOnlyForDeploymentPostprocessing = 0;
		};
		96E1BBDF1993872F004E270B /* Sources */ = {
			isa = PBXSourcesBuildPhase;
			buildActionMask = 2147483647;
			files = (
				96E1BBF319938730004E270B /* AdjustExtensionTests.m in Sources */,
			);
			runOnlyForDeploymentPostprocessing = 0;
		};
/* End PBXSourcesBuildPhase section */

/* Begin PBXTargetDependency section */
		96E1BBEA19938730004E270B /* PBXTargetDependency */ = {
			isa = PBXTargetDependency;
			target = 96E1BBD21993872F004E270B /* AdjustExtension */;
			targetProxy = 96E1BBE919938730004E270B /* PBXContainerItemProxy */;
		};
/* End PBXTargetDependency section */

/* Begin PBXVariantGroup section */
		96E1BBEF19938730004E270B /* InfoPlist.strings */ = {
			isa = PBXVariantGroup;
			children = (
				96E1BBF019938730004E270B /* en */,
			);
			name = InfoPlist.strings;
			sourceTree = "<group>";
		};
/* End PBXVariantGroup section */

/* Begin XCBuildConfiguration section */
		96E1BBF419938730004E270B /* Debug */ = {
			isa = XCBuildConfiguration;
			buildSettings = {
				ALWAYS_SEARCH_USER_PATHS = NO;
				CLANG_CXX_LANGUAGE_STANDARD = "gnu++0x";
				CLANG_CXX_LIBRARY = "libc++";
				CLANG_ENABLE_MODULES = YES;
				CLANG_ENABLE_OBJC_ARC = YES;
				CLANG_WARN_BOOL_CONVERSION = YES;
				CLANG_WARN_CONSTANT_CONVERSION = YES;
				CLANG_WARN_DIRECT_OBJC_ISA_USAGE = YES_ERROR;
				CLANG_WARN_EMPTY_BODY = YES;
				CLANG_WARN_ENUM_CONVERSION = YES;
				CLANG_WARN_INT_CONVERSION = YES;
				CLANG_WARN_OBJC_ROOT_CLASS = YES_ERROR;
				CLANG_WARN__DUPLICATE_METHOD_MATCH = YES;
				COPY_PHASE_STRIP = NO;
				GCC_C_LANGUAGE_STANDARD = gnu99;
				GCC_DYNAMIC_NO_PIC = NO;
				GCC_OPTIMIZATION_LEVEL = 0;
				GCC_PREPROCESSOR_DEFINITIONS = (
					"DEBUG=1",
					"$(inherited)",
				);
				GCC_SYMBOLS_PRIVATE_EXTERN = NO;
				GCC_WARN_64_TO_32_BIT_CONVERSION = YES;
				GCC_WARN_ABOUT_RETURN_TYPE = YES_ERROR;
				GCC_WARN_UNDECLARED_SELECTOR = YES;
				GCC_WARN_UNINITIALIZED_AUTOS = YES_AGGRESSIVE;
				GCC_WARN_UNUSED_FUNCTION = YES;
				GCC_WARN_UNUSED_VARIABLE = YES;
				IPHONEOS_DEPLOYMENT_TARGET = 7.1;
				ONLY_ACTIVE_ARCH = YES;
				SDKROOT = iphoneos;
			};
			name = Debug;
		};
		96E1BBF519938730004E270B /* Release */ = {
			isa = XCBuildConfiguration;
			buildSettings = {
				ALWAYS_SEARCH_USER_PATHS = NO;
				CLANG_CXX_LANGUAGE_STANDARD = "gnu++0x";
				CLANG_CXX_LIBRARY = "libc++";
				CLANG_ENABLE_MODULES = YES;
				CLANG_ENABLE_OBJC_ARC = YES;
				CLANG_WARN_BOOL_CONVERSION = YES;
				CLANG_WARN_CONSTANT_CONVERSION = YES;
				CLANG_WARN_DIRECT_OBJC_ISA_USAGE = YES_ERROR;
				CLANG_WARN_EMPTY_BODY = YES;
				CLANG_WARN_ENUM_CONVERSION = YES;
				CLANG_WARN_INT_CONVERSION = YES;
				CLANG_WARN_OBJC_ROOT_CLASS = YES_ERROR;
				CLANG_WARN__DUPLICATE_METHOD_MATCH = YES;
				COPY_PHASE_STRIP = YES;
				ENABLE_NS_ASSERTIONS = NO;
				GCC_C_LANGUAGE_STANDARD = gnu99;
				GCC_WARN_64_TO_32_BIT_CONVERSION = YES;
				GCC_WARN_ABOUT_RETURN_TYPE = YES_ERROR;
				GCC_WARN_UNDECLARED_SELECTOR = YES;
				GCC_WARN_UNINITIALIZED_AUTOS = YES_AGGRESSIVE;
				GCC_WARN_UNUSED_FUNCTION = YES;
				GCC_WARN_UNUSED_VARIABLE = YES;
				IPHONEOS_DEPLOYMENT_TARGET = 7.1;
				SDKROOT = iphoneos;
				VALIDATE_PRODUCT = YES;
			};
			name = Release;
		};
		96E1BBF719938730004E270B /* Debug */ = {
			isa = XCBuildConfiguration;
			buildSettings = {
				DSTROOT = /tmp/AdjustExtension.dst;
				FRAMEWORK_SEARCH_PATHS = (
					"$(inherited)",
					/Users/uerceg/GitHub/adobe_air_sdk/ext/iOS/sdk,
					"$(PROJECT_DIR)/include/Adjust",
				);
				GCC_PRECOMPILE_PREFIX_HEADER = YES;
				GCC_PREFIX_HEADER = "AdjustExtension/AdjustExtension-Prefix.pch";
				LIBRARY_SEARCH_PATHS = (
					"$(inherited)",
					"$(PROJECT_DIR)/AdjustExtension",
					"$(PROJECT_DIR)/include/Adjust",
				);
				OTHER_LDFLAGS = "-ObjC";
				PRODUCT_NAME = "$(TARGET_NAME)";
				SKIP_INSTALL = YES;
			};
			name = Debug;
		};
		96E1BBF819938730004E270B /* Release */ = {
			isa = XCBuildConfiguration;
			buildSettings = {
				DSTROOT = /tmp/AdjustExtension.dst;
				FRAMEWORK_SEARCH_PATHS = (
					"$(inherited)",
					/Users/uerceg/GitHub/adobe_air_sdk/ext/iOS/sdk,
					"$(PROJECT_DIR)/include/Adjust",
				);
				GCC_PRECOMPILE_PREFIX_HEADER = YES;
				GCC_PREFIX_HEADER = "AdjustExtension/AdjustExtension-Prefix.pch";
				LIBRARY_SEARCH_PATHS = (
					"$(inherited)",
					"$(PROJECT_DIR)/AdjustExtension",
					"$(PROJECT_DIR)/include/Adjust",
				);
				OTHER_LDFLAGS = "-ObjC";
				PRODUCT_NAME = "$(TARGET_NAME)";
				SKIP_INSTALL = YES;
			};
			name = Release;
		};
		96E1BBFA19938730004E270B /* Debug */ = {
			isa = XCBuildConfiguration;
			buildSettings = {
				FRAMEWORK_SEARCH_PATHS = (
					"$(SDKROOT)/Developer/Library/Frameworks",
					"$(inherited)",
					"$(DEVELOPER_FRAMEWORKS_DIR)",
				);
				GCC_PRECOMPILE_PREFIX_HEADER = YES;
				GCC_PREFIX_HEADER = "AdjustExtension/AdjustExtension-Prefix.pch";
				GCC_PREPROCESSOR_DEFINITIONS = (
					"DEBUG=1",
					"$(inherited)",
				);
				INFOPLIST_FILE = "AdjustExtensionTests/AdjustExtensionTests-Info.plist";
				PRODUCT_NAME = "$(TARGET_NAME)";
				WRAPPER_EXTENSION = xctest;
			};
			name = Debug;
		};
		96E1BBFB19938730004E270B /* Release */ = {
			isa = XCBuildConfiguration;
			buildSettings = {
				FRAMEWORK_SEARCH_PATHS = (
					"$(SDKROOT)/Developer/Library/Frameworks",
					"$(inherited)",
					"$(DEVELOPER_FRAMEWORKS_DIR)",
				);
				GCC_PRECOMPILE_PREFIX_HEADER = YES;
				GCC_PREFIX_HEADER = "AdjustExtension/AdjustExtension-Prefix.pch";
				INFOPLIST_FILE = "AdjustExtensionTests/AdjustExtensionTests-Info.plist";
				PRODUCT_NAME = "$(TARGET_NAME)";
				WRAPPER_EXTENSION = xctest;
			};
			name = Release;
		};
/* End XCBuildConfiguration section */

/* Begin XCConfigurationList section */
		96E1BBCE1993872F004E270B /* Build configuration list for PBXProject "AdjustExtension" */ = {
			isa = XCConfigurationList;
			buildConfigurations = (
				96E1BBF419938730004E270B /* Debug */,
				96E1BBF519938730004E270B /* Release */,
			);
			defaultConfigurationIsVisible = 0;
			defaultConfigurationName = Release;
		};
		96E1BBF619938730004E270B /* Build configuration list for PBXNativeTarget "AdjustExtension" */ = {
			isa = XCConfigurationList;
			buildConfigurations = (
				96E1BBF719938730004E270B /* Debug */,
				96E1BBF819938730004E270B /* Release */,
			);
			defaultConfigurationIsVisible = 0;
			defaultConfigurationName = Release;
		};
		96E1BBF919938730004E270B /* Build configuration list for PBXNativeTarget "AdjustExtensionTests" */ = {
			isa = XCConfigurationList;
			buildConfigurations = (
				96E1BBFA19938730004E270B /* Debug */,
				96E1BBFB19938730004E270B /* Release */,
			);
			defaultConfigurationIsVisible = 0;
			defaultConfigurationName = Release;
		};
/* End XCConfigurationList section */
	};
	rootObject = 96E1BBCB1993872F004E270B /* Project object */;
}
